Microsoft Visual Studio Solution File, Format Version 12.00
# Visual Studio 2012
Project("{FAE04EC0-301F-11D3-BF4B-00C04F79EFBC}") = "HWUPortal", "HWUPortal\HWUPortal.csproj", "{F6A29312-8860-4BDF-8753-FFB6729DE93F}"
EndProject
Project("{FAE04EC0-301F-11D3-BF4B-00C04F79EFBC}") = "Microsoft.Kinect.Toolkit", "Microsoft.Kinect.Toolkit\Microsoft.Kinect.Toolkit.csproj", "{C6F9C31B-6130-4443-A5CC-EF0664552ECD}"
EndProject
Project("{FAE04EC0-301F-11D3-BF4B-00C04F79EFBC}") = "Microsoft.Kinect.Toolkit.Controls", "Microsoft.Kinect.Toolkit.Controls\Microsoft.Kinect.Toolkit.Controls.csproj", "{4508C4D1-85BB-4F3F-9E3B-CC93D231C65D}"
EndProject
Global
	GlobalSection(SolutionConfigurationPlatforms) = preSolution
		Debug|Any CPU = Debug|Any CPU
		Debug|Mixed Platforms = Debug|Mixed Platforms
		Debug|x86 = Debug|x86
		Release|Any CPU = Release|Any CPU
		Release|Mixed Platforms = Release|Mixed Platforms
		Release|x86 = Release|x86
	EndGlobalSection
	GlobalSection(ProjectConfigurationPlatforms) = postSolution
		{F6A29312-8860-4BDF-8753-FFB6729DE93F}.Debug|Any CPU.ActiveCfg = Debug|x86
		{F6A29312-8860-4BDF-8753-FFB6729DE93F}.Debug|Mixed Platforms.ActiveCfg = Debug|x86
		{F6A29312-8860-4BDF-8753-FFB6729DE93F}.Debug|Mixed Platforms.Build.0 = Debug|x86
		{F6A29312-8860-4BDF-8753-FFB6729DE93F}.Debug|x86.ActiveCfg = Debug|x86
		{F6A29312-8860-4BDF-8753-FFB6729DE93F}.Debug|x86.Build.0 = Debug|x86
		{F6A29312-8860-4BDF-8753-FFB6729DE93F}.Release|Any CPU.ActiveCfg = Release|x86
		{F6A29312-8860-4BDF-8753-FFB6729DE93F}.Release|Mixed Platforms.ActiveCfg = Release|x86
		{F6A29312-8860-4BDF-8753-FFB6729DE93F}.Release|Mixed Platforms.Build.0 = Release|x86
		{F6A29312-8860-4BDF-8753-FFB6729DE93F}.Release|x86.ActiveCfg = Release|x86
		{F6A29312-8860-4BDF-8753-FFB6729DE93F}.Release|x86.Build.0 = Release|x86
		{C6F9C31B-6130-4443-A5CC-EF0664552ECD}.Debug|Any CPU.ActiveCfg = Debug|Any CPU
		{C6F9C31B-6130-4443-A5CC-EF0664552ECD}.Debug|Any CPU.Build.0 = Debug|Any CPU
		{C6F9C31B-6130-4443-A5CC-EF0664552ECD}.Debug|Mixed Platforms.ActiveCfg = Debug|Any CPU
		{C6F9C31B-6130-4443-A5CC-EF0664552ECD}.Debug|Mixed Platforms.Build.0 = Debug|Any CPU
		{C6F9C31B-6130-4443-A5CC-EF0664552ECD}.Debug|x86.ActiveCfg = Debug|Any CPU
		{C6F9C31B-6130-4443-A5CC-EF0664552ECD}.Release|Any CPU.ActiveCfg = Release|Any CPU
		{C6F9C31B-6130-4443-A5CC-EF0664552ECD}.Release|Any CPU.Build.0 = Release|Any CPU
		{C6F9C31B-6130-4443-A5CC-EF0664552ECD}.Release|Mixed Platforms.ActiveCfg = Release|Any CPU
		{C6F9C31B-6130-4443-A5CC-EF0664552ECD}.Release|Mixed Platforms.Build.0 = Release|Any CPU
		{C6F9C31B-6130-4443-A5CC-EF0664552ECD}.Release|x86.ActiveCfg = Release|Any CPU
		{4508C4D1-85BB-4F3F-9E3B-CC93D231C65D}.Debug|Any CPU.ActiveCfg = Debug|Any CPU
		{4508C4D1-85BB-4F3F-9E3B-CC93D231C65D}.Debug|Any CPU.Build.0 = Debug|Any CPU
		{4508C4D1-85BB-4F3F-9E3B-CC93D231C65D}.Debug|Mixed Platforms.ActiveCfg = Debug|Any CPU
		{4508C4D1-85BB-4F3F-9E3B-CC93D231C65D}.Debug|Mixed Platforms.Build.0 = Debug|Any CPU
		{4508C4D1-85BB-4F3F-9E3B-CC93D231C65D}.Debug|x86.ActiveCfg = Debug|Any CPU
		{4508C4D1-85BB-4F3F-9E3B-CC93D231C65D}.Release|Any CPU.ActiveCfg = Release|Any CPU
		{4508C4D1-85BB-4F3F-9E3B-CC93D231C65D}.Release|Any CPU.Build.0 = Release|Any CPU
		{4508C4D1-85BB-4F3F-9E3B-CC93D231C65D}.Release|Mixed Platforms.ActiveCfg = Release|Any CPU
		{4508C4D1-85BB-4F3F-9E3B-CC93D231C65D}.Release|Mixed Platforms.Build.0 = Release|Any CPU
		{4508C4D1-85BB-4F3F-9E3B-CC93D231C65D}.Release|x86.ActiveCfg = Release|Any CPU
	EndGlobalSection
	GlobalSection(SolutionProperties) = preSolution
		HideSolutionNode = FALSE
	EndGlobalSection
EndGlobal
